// !$*UTF8*$!
{
	archiveVersion = 1;
	classes = {
	};
	objectVersion = 56;
	objects = {

/* Begin PBXBuildFile section */
		A3281FD42D1C7087000A6FA4 /* AppDelegate.swift in Sources */ = {isa = PBXBuildFile; fileRef = A3281FD32D1C7087000A6FA4 /* AppDelegate.swift */; };
		A3281FD62D1C7087000A6FA4 /* SceneDelegate.swift in Sources */ = {isa = PBXBuildFile; fileRef = A3281FD52D1C7087000A6FA4 /* SceneDelegate.swift */; };
		A3281FD82D1C7087000A6FA4 /* NicknameViewController.swift in Sources */ = {isa = PBXBuildFile; fileRef = A3281FD72D1C7087000A6FA4 /* NicknameViewController.swift */; };
		A3281FDD2D1C7091000A6FA4 /* Assets.xcassets in Resources */ = {isa = PBXBuildFile; fileRef = A3281FDC2D1C7091000A6FA4 /* Assets.xcassets */; };
		A3281FE02D1C7091000A6FA4 /* Base in Resources */ = {isa = PBXBuildFile; fileRef = A3281FDF2D1C7091000A6FA4 /* Base */; };
		A3281FEE2D1C72FC000A6FA4 /* SnapKit in Frameworks */ = {isa = PBXBuildFile; productRef = A3281FED2D1C72FC000A6FA4 /* SnapKit */; };
		A3281FF12D1C7309000A6FA4 /* Then in Frameworks */ = {isa = PBXBuildFile; productRef = A3281FF02D1C7309000A6FA4 /* Then */; };
		A32820082D1C7965000A6FA4 /* Pretendard-ExtraLight.otf in Resources */ = {isa = PBXBuildFile; fileRef = A3281FFF2D1C7964000A6FA4 /* Pretendard-ExtraLight.otf */; };
		A32820092D1C7965000A6FA4 /* Pretendard-ExtraBold.otf in Resources */ = {isa = PBXBuildFile; fileRef = A32820002D1C7964000A6FA4 /* Pretendard-ExtraBold.otf */; };
		A328200A2D1C7965000A6FA4 /* Pretendard-Black.otf in Resources */ = {isa = PBXBuildFile; fileRef = A32820012D1C7964000A6FA4 /* Pretendard-Black.otf */; };
		A328200B2D1C7965000A6FA4 /* Pretendard-Regular.otf in Resources */ = {isa = PBXBuildFile; fileRef = A32820022D1C7964000A6FA4 /* Pretendard-Regular.otf */; };
		A328200C2D1C7965000A6FA4 /* Pretendard-SemiBold.otf in Resources */ = {isa = PBXBuildFile; fileRef = A32820032D1C7965000A6FA4 /* Pretendard-SemiBold.otf */; };
		A328200D2D1C7965000A6FA4 /* Pretendard-Thin.otf in Resources */ = {isa = PBXBuildFile; fileRef = A32820042D1C7965000A6FA4 /* Pretendard-Thin.otf */; };
		A328200E2D1C7965000A6FA4 /* Pretendard-Light.otf in Resources */ = {isa = PBXBuildFile; fileRef = A32820052D1C7965000A6FA4 /* Pretendard-Light.otf */; };
		A328200F2D1C7965000A6FA4 /* Pretendard-Bold.otf in Resources */ = {isa = PBXBuildFile; fileRef = A32820062D1C7965000A6FA4 /* Pretendard-Bold.otf */; };
		A32820102D1C7965000A6FA4 /* Pretendard-Medium.otf in Resources */ = {isa = PBXBuildFile; fileRef = A32820072D1C7965000A6FA4 /* Pretendard-Medium.otf */; };
		A3B426462D1E94FA00B2D220 /* Colors.xcassets in Resources */ = {isa = PBXBuildFile; fileRef = A3B426452D1E94FA00B2D220 /* Colors.xcassets */; };
		A3B426482D1E977F00B2D220 /* NicknameView.swift in Sources */ = {isa = PBXBuildFile; fileRef = A3B426472D1E977F00B2D220 /* NicknameView.swift */; };
		A3B4264A2D1E978B00B2D220 /* NicknameViewModel.swift in Sources */ = {isa = PBXBuildFile; fileRef = A3B426492D1E978B00B2D220 /* NicknameViewModel.swift */; };
		A3B4264D2D1E981500B2D220 /* UIView+.swift in Sources */ = {isa = PBXBuildFile; fileRef = A3B4264C2D1E981500B2D220 /* UIView+.swift */; };
		A3B426502D1E98DD00B2D220 /* Observable.swift in Sources */ = {isa = PBXBuildFile; fileRef = A3B4264F2D1E98DD00B2D220 /* Observable.swift */; };
/* End PBXBuildFile section */

/* Begin PBXFileReference section */
		A3281FD02D1C7087000A6FA4 /* Combine-Study.app */ = {isa = PBXFileReference; explicitFileType = wrapper.application; includeInIndex = 0; path = "Combine-Study.app"; sourceTree = BUILT_PRODUCTS_DIR; };
		A3281FD32D1C7087000A6FA4 /* AppDelegate.swift */ = {isa = PBXFileReference; lastKnownFileType = sourcecode.swift; path = AppDelegate.swift; sourceTree = "<group>"; };
		A3281FD52D1C7087000A6FA4 /* SceneDelegate.swift */ = {isa = PBXFileReference; lastKnownFileType = sourcecode.swift; path = SceneDelegate.swift; sourceTree = "<group>"; };
		A3281FD72D1C7087000A6FA4 /* NicknameViewController.swift */ = {isa = PBXFileReference; lastKnownFileType = sourcecode.swift; path = NicknameViewController.swift; sourceTree = "<group>"; };
		A3281FDC2D1C7091000A6FA4 /* Assets.xcassets */ = {isa = PBXFileReference; lastKnownFileType = folder.assetcatalog; path = Assets.xcassets; sourceTree = "<group>"; };
		A3281FDF2D1C7091000A6FA4 /* Base */ = {isa = PBXFileReference; lastKnownFileType = file.storyboard; name = Base; path = Base.lproj/LaunchScreen.storyboard; sourceTree = "<group>"; };
		A3281FE12D1C7091000A6FA4 /* Info.plist */ = {isa = PBXFileReference; lastKnownFileType = text.plist.xml; path = Info.plist; sourceTree = "<group>"; };
		A3281FFF2D1C7964000A6FA4 /* Pretendard-ExtraLight.otf */ = {isa = PBXFileReference; lastKnownFileType = file; path = "Pretendard-ExtraLight.otf"; sourceTree = "<group>"; };
		A32820002D1C7964000A6FA4 /* Pretendard-ExtraBold.otf */ = {isa = PBXFileReference; lastKnownFileType = file; path = "Pretendard-ExtraBold.otf"; sourceTree = "<group>"; };
		A32820012D1C7964000A6FA4 /* Pretendard-Black.otf */ = {isa = PBXFileReference; lastKnownFileType = file; path = "Pretendard-Black.otf"; sourceTree = "<group>"; };
		A32820022D1C7964000A6FA4 /* Pretendard-Regular.otf */ = {isa = PBXFileReference; lastKnownFileType = file; path = "Pretendard-Regular.otf"; sourceTree = "<group>"; };
		A32820032D1C7965000A6FA4 /* Pretendard-SemiBold.otf */ = {isa = PBXFileReference; lastKnownFileType = file; path = "Pretendard-SemiBold.otf"; sourceTree = "<group>"; };
		A32820042D1C7965000A6FA4 /* Pretendard-Thin.otf */ = {isa = PBXFileReference; lastKnownFileType = file; path = "Pretendard-Thin.otf"; sourceTree = "<group>"; };
		A32820052D1C7965000A6FA4 /* Pretendard-Light.otf */ = {isa = PBXFileReference; lastKnownFileType = file; path = "Pretendard-Light.otf"; sourceTree = "<group>"; };
		A32820062D1C7965000A6FA4 /* Pretendard-Bold.otf */ = {isa = PBXFileReference; lastKnownFileType = file; path = "Pretendard-Bold.otf"; sourceTree = "<group>"; };
		A32820072D1C7965000A6FA4 /* Pretendard-Medium.otf */ = {isa = PBXFileReference; lastKnownFileType = file; path = "Pretendard-Medium.otf"; sourceTree = "<group>"; };
		A3B426452D1E94FA00B2D220 /* Colors.xcassets */ = {isa = PBXFileReference; lastKnownFileType = folder.assetcatalog; name = Colors.xcassets; path = ../../../../../../Downloads/Colors.xcassets; sourceTree = "<group>"; };
		A3B426472D1E977F00B2D220 /* NicknameView.swift */ = {isa = PBXFileReference; lastKnownFileType = sourcecode.swift; path = NicknameView.swift; sourceTree = "<group>"; };
		A3B426492D1E978B00B2D220 /* NicknameViewModel.swift */ = {isa = PBXFileReference; lastKnownFileType = sourcecode.swift; path = NicknameViewModel.swift; sourceTree = "<group>"; };
		A3B4264C2D1E981500B2D220 /* UIView+.swift */ = {isa = PBXFileReference; lastKnownFileType = sourcecode.swift; path = "UIView+.swift"; sourceTree = "<group>"; };
		A3B4264F2D1E98DD00B2D220 /* Observable.swift */ = {isa = PBXFileReference; lastKnownFileType = sourcecode.swift; path = Observable.swift; sourceTree = "<group>"; };
/* End PBXFileReference section */

/* Begin PBXFrameworksBuildPhase section */
		A3281FCD2D1C7087000A6FA4 /* Frameworks */ = {
			isa = PBXFrameworksBuildPhase;
			buildActionMask = 2147483647;
			files = (
				A3281FEE2D1C72FC000A6FA4 /* SnapKit in Frameworks */,
				A3281FF12D1C7309000A6FA4 /* Then in Frameworks */,
			);
			runOnlyForDeploymentPostprocessing = 0;
		};
/* End PBXFrameworksBuildPhase section */

/* Begin PBXGroup section */
		A3281FC72D1C7087000A6FA4 = {
			isa = PBXGroup;
			children = (
				A3281FD22D1C7087000A6FA4 /* Combine-Study */,
				A3281FD12D1C7087000A6FA4 /* Products */,
			);
			sourceTree = "<group>";
		};
		A3281FD12D1C7087000A6FA4 /* Products */ = {
			isa = PBXGroup;
			children = (
				A3281FD02D1C7087000A6FA4 /* Combine-Study.app */,
			);
			name = Products;
			sourceTree = "<group>";
		};
		A3281FD22D1C7087000A6FA4 /* Combine-Study */ = {
			isa = PBXGroup;
			children = (
				A3281FE72D1C7172000A6FA4 /* Application */,
				A3281FE82D1C7181000A6FA4 /* Global */,
				A3281FEB2D1C71AC000A6FA4 /* Presentation */,
			);
			path = "Combine-Study";
			sourceTree = "<group>";
		};
		A3281FE72D1C7172000A6FA4 /* Application */ = {
			isa = PBXGroup;
			children = (
				A3281FD32D1C7087000A6FA4 /* AppDelegate.swift */,
				A3281FD52D1C7087000A6FA4 /* SceneDelegate.swift */,
			);
			path = Application;
			sourceTree = "<group>";
		};
		A3281FE82D1C7181000A6FA4 /* Global */ = {
			isa = PBXGroup;
			children = (
				A3B4264E2D1E98D300B2D220 /* Util */,
				A3B4264B2D1E980A00B2D220 /* Extensions */,
				A3281FE92D1C718C000A6FA4 /* Resource */,
				A3281FDE2D1C7091000A6FA4 /* LaunchScreen.storyboard */,
				A3281FE12D1C7091000A6FA4 /* Info.plist */,
			);
			path = Global;
			sourceTree = "<group>";
		};
		A3281FE92D1C718C000A6FA4 /* Resource */ = {
			isa = PBXGroup;
			children = (
				A3281FFE2D1C7942000A6FA4 /* Fonts */,
				A3281FDC2D1C7091000A6FA4 /* Assets.xcassets */,
				A3B426452D1E94FA00B2D220 /* Colors.xcassets */,
			);
			path = Resource;
			sourceTree = "<group>";
		};
		A3281FEA2D1C71A3000A6FA4 /* Observable */ = {
			isa = PBXGroup;
			children = (
				A3281FD72D1C7087000A6FA4 /* NicknameViewController.swift */,
				A3B426472D1E977F00B2D220 /* NicknameView.swift */,
				A3B426492D1E978B00B2D220 /* NicknameViewModel.swift */,
			);
			path = Observable;
			sourceTree = "<group>";
		};
		A3281FEB2D1C71AC000A6FA4 /* Presentation */ = {
			isa = PBXGroup;
			children = (
				A3281FEA2D1C71A3000A6FA4 /* Observable */,
			);
			path = Presentation;
			sourceTree = "<group>";
		};
		A3281FFE2D1C7942000A6FA4 /* Fonts */ = {
			isa = PBXGroup;
			children = (
				A32820012D1C7964000A6FA4 /* Pretendard-Black.otf */,
				A32820062D1C7965000A6FA4 /* Pretendard-Bold.otf */,
				A32820002D1C7964000A6FA4 /* Pretendard-ExtraBold.otf */,
				A3281FFF2D1C7964000A6FA4 /* Pretendard-ExtraLight.otf */,
				A32820052D1C7965000A6FA4 /* Pretendard-Light.otf */,
				A32820072D1C7965000A6FA4 /* Pretendard-Medium.otf */,
				A32820022D1C7964000A6FA4 /* Pretendard-Regular.otf */,
				A32820032D1C7965000A6FA4 /* Pretendard-SemiBold.otf */,
				A32820042D1C7965000A6FA4 /* Pretendard-Thin.otf */,
			);
			path = Fonts;
			sourceTree = "<group>";
		};
		A3B4264B2D1E980A00B2D220 /* Extensions */ = {
			isa = PBXGroup;
			children = (
				A3B4264C2D1E981500B2D220 /* UIView+.swift */,
			);
			path = Extensions;
			sourceTree = "<group>";
		};
		A3B4264E2D1E98D300B2D220 /* Util */ = {
			isa = PBXGroup;
			children = (
				A3B4264F2D1E98DD00B2D220 /* Observable.swift */,
			);
			path = Util;
			sourceTree = "<group>";
		};
/* End PBXGroup section */

/* Begin PBXNativeTarget section */
		A3281FCF2D1C7087000A6FA4 /* Combine-Study */ = {
			isa = PBXNativeTarget;
			buildConfigurationList = A3281FE42D1C7091000A6FA4 /* Build configuration list for PBXNativeTarget "Combine-Study" */;
			buildPhases = (
				A3281FCC2D1C7087000A6FA4 /* Sources */,
				A3281FCD2D1C7087000A6FA4 /* Frameworks */,
				A3281FCE2D1C7087000A6FA4 /* Resources */,
			);
			buildRules = (
			);
			dependencies = (
			);
			name = "Combine-Study";
			packageProductDependencies = (
				A3281FED2D1C72FC000A6FA4 /* SnapKit */,
				A3281FF02D1C7309000A6FA4 /* Then */,
			);
			productName = "Combine-Study";
			productReference = A3281FD02D1C7087000A6FA4 /* Combine-Study.app */;
			productType = "com.apple.product-type.application";
		};
/* End PBXNativeTarget section */

/* Begin PBXProject section */
		A3281FC82D1C7087000A6FA4 /* Project object */ = {
			isa = PBXProject;
			attributes = {
				BuildIndependentTargetsInParallel = 1;
				LastSwiftUpdateCheck = 1540;
				LastUpgradeCheck = 1540;
				TargetAttributes = {
					A3281FCF2D1C7087000A6FA4 = {
						CreatedOnToolsVersion = 15.4;
					};
				};
			};
			buildConfigurationList = A3281FCB2D1C7087000A6FA4 /* Build configuration list for PBXProject "Combine-Study" */;
			compatibilityVersion = "Xcode 14.0";
			developmentRegion = en;
			hasScannedForEncodings = 0;
			knownRegions = (
				en,
				Base,
			);
			mainGroup = A3281FC72D1C7087000A6FA4;
			packageReferences = (
				A3281FEC2D1C72FC000A6FA4 /* XCRemoteSwiftPackageReference "SnapKit" */,
				A3281FEF2D1C7309000A6FA4 /* XCRemoteSwiftPackageReference "Then" */,
			);
			productRefGroup = A3281FD12D1C7087000A6FA4 /* Products */;
			projectDirPath = "";
			projectRoot = "";
			targets = (
				A3281FCF2D1C7087000A6FA4 /* Combine-Study */,
			);
		};
/* End PBXProject section */

/* Begin PBXResourcesBuildPhase section */
		A3281FCE2D1C7087000A6FA4 /* Resources */ = {
			isa = PBXResourcesBuildPhase;
			buildActionMask = 2147483647;
			files = (
				A32820082D1C7965000A6FA4 /* Pretendard-ExtraLight.otf in Resources */,
				A328200F2D1C7965000A6FA4 /* Pretendard-Bold.otf in Resources */,
				A328200B2D1C7965000A6FA4 /* Pretendard-Regular.otf in Resources */,
				A328200C2D1C7965000A6FA4 /* Pretendard-SemiBold.otf in Resources */,
				A328200D2D1C7965000A6FA4 /* Pretendard-Thin.otf in Resources */,
				A3281FDD2D1C7091000A6FA4 /* Assets.xcassets in Resources */,
				A32820092D1C7965000A6FA4 /* Pretendard-ExtraBold.otf in Resources */,
				A3281FE02D1C7091000A6FA4 /* Base in Resources */,
				A328200A2D1C7965000A6FA4 /* Pretendard-Black.otf in Resources */,
				A3B426462D1E94FA00B2D220 /* Colors.xcassets in Resources */,
				A328200E2D1C7965000A6FA4 /* Pretendard-Light.otf in Resources */,
				A32820102D1C7965000A6FA4 /* Pretendard-Medium.otf in Resources */,
			);
			runOnlyForDeploymentPostprocessing = 0;
		};
/* End PBXResourcesBuildPhase section */

/* Begin PBXSourcesBuildPhase section */
		A3281FCC2D1C7087000A6FA4 /* Sources */ = {
			isa = PBXSourcesBuildPhase;
			buildActionMask = 2147483647;
			files = (
				A3B4264D2D1E981500B2D220 /* UIView+.swift in Sources */,
				A3281FD82D1C7087000A6FA4 /* NicknameViewController.swift in Sources */,
				A3281FD42D1C7087000A6FA4 /* AppDelegate.swift in Sources */,
				A3B426502D1E98DD00B2D220 /* Observable.swift in Sources */,
				A3B4264A2D1E978B00B2D220 /* NicknameViewModel.swift in Sources */,
				A3B426482D1E977F00B2D220 /* NicknameView.swift in Sources */,
				A3281FD62D1C7087000A6FA4 /* SceneDelegate.swift in Sources */,
			);
			runOnlyForDeploymentPostprocessing = 0;
		};
/* End PBXSourcesBuildPhase section */

/* Begin PBXVariantGroup section */
		A3281FDE2D1C7091000A6FA4 /* LaunchScreen.storyboard */ = {
			isa = PBXVariantGroup;
			children = (
				A3281FDF2D1C7091000A6FA4 /* Base */,
			);
			name = LaunchScreen.storyboard;
			sourceTree = "<group>";
		};
/* End PBXVariantGroup section */

/* Begin XCBuildConfiguration section */
		A3281FE22D1C7091000A6FA4 /* Debug */ = {
			isa = XCBuildConfiguration;
			buildSettings = {
				ALWAYS_SEARCH_USER_PATHS = NO;
				ASSETCATALOG_COMPILER_GENERATE_SWIFT_ASSET_SYMBOL_EXTENSIONS = YES;
				CLANG_ANALYZER_NONNULL = YES;
				CLANG_ANALYZER_NUMBER_OBJECT_CONVERSION = YES_AGGRESSIVE;
				CLANG_CXX_LANGUAGE_STANDARD = "gnu++20";
				CLANG_ENABLE_MODULES = YES;
				CLANG_ENABLE_OBJC_ARC = YES;
				CLANG_ENABLE_OBJC_WEAK = YES;
				CLANG_WARN_BLOCK_CAPTURE_AUTORELEASING = YES;
				CLANG_WARN_BOOL_CONVERSION = YES;
				CLANG_WARN_COMMA = YES;
				CLANG_WARN_CONSTANT_CONVERSION = YES;
				CLANG_WARN_DEPRECATED_OBJC_IMPLEMENTATIONS = YES;
				CLANG_WARN_DIRECT_OBJC_ISA_USAGE = YES_ERROR;
				CLANG_WARN_DOCUMENTATION_COMMENTS = YES;
				CLANG_WARN_EMPTY_BODY = YES;
				CLANG_WARN_ENUM_CONVERSION = YES;
				CLANG_WARN_INFINITE_RECURSION = YES;
				CLANG_WARN_INT_CONVERSION = YES;
				CLANG_WARN_NON_LITERAL_NULL_CONVERSION = YES;
				CLANG_WARN_OBJC_IMPLICIT_RETAIN_SELF = YES;
				CLANG_WARN_OBJC_LITERAL_CONVERSION = YES;
				CLANG_WARN_OBJC_ROOT_CLASS = YES_ERROR;
				CLANG_WARN_QUOTED_INCLUDE_IN_FRAMEWORK_HEADER = YES;
				CLANG_WARN_RANGE_LOOP_ANALYSIS = YES;
				CLANG_WARN_STRICT_PROTOTYPES = YES;
				CLANG_WARN_SUSPICIOUS_MOVE = YES;
				CLANG_WARN_UNGUARDED_AVAILABILITY = YES_AGGRESSIVE;
				CLANG_WARN_UNREACHABLE_CODE = YES;
				CLANG_WARN__DUPLICATE_METHOD_MATCH = YES;
				COPY_PHASE_STRIP = NO;
				DEBUG_INFORMATION_FORMAT = dwarf;
				ENABLE_STRICT_OBJC_MSGSEND = YES;
				ENABLE_TESTABILITY = YES;
				ENABLE_USER_SCRIPT_SANDBOXING = YES;
				GCC_C_LANGUAGE_STANDARD = gnu17;
				GCC_DYNAMIC_NO_PIC = NO;
				GCC_NO_COMMON_BLOCKS = YES;
				GCC_OPTIMIZATION_LEVEL = 0;
				GCC_PREPROCESSOR_DEFINITIONS = (
					"DEBUG=1",
					"$(inherited)",
				);
				GCC_WARN_64_TO_32_BIT_CONVERSION = YES;
				GCC_WARN_ABOUT_RETURN_TYPE = YES_ERROR;
				GCC_WARN_UNDECLARED_SELECTOR = YES;
				GCC_WARN_UNINITIALIZED_AUTOS = YES_AGGRESSIVE;
				GCC_WARN_UNUSED_FUNCTION = YES;
				GCC_WARN_UNUSED_VARIABLE = YES;
				IPHONEOS_DEPLOYMENT_TARGET = 17.5;
				LOCALIZATION_PREFERS_STRING_CATALOGS = YES;
				MTL_ENABLE_DEBUG_INFO = INCLUDE_SOURCE;
				MTL_FAST_MATH = YES;
				ONLY_ACTIVE_ARCH = YES;
				SDKROOT = iphoneos;
				SWIFT_ACTIVE_COMPILATION_CONDITIONS = "DEBUG $(inherited)";
				SWIFT_OPTIMIZATION_LEVEL = "-Onone";
			};
			name = Debug;
		};
		A3281FE32D1C7091000A6FA4 /* Release */ = {
			isa = XCBuildConfiguration;
			buildSettings = {
				ALWAYS_SEARCH_USER_PATHS = NO;
				ASSETCATALOG_COMPILER_GENERATE_SWIFT_ASSET_SYMBOL_EXTENSIONS = YES;
				CLANG_ANALYZER_NONNULL = YES;
				CLANG_ANALYZER_NUMBER_OBJECT_CONVERSION = YES_AGGRESSIVE;
				CLANG_CXX_LANGUAGE_STANDARD = "gnu++20";
				CLANG_ENABLE_MODULES = YES;
				CLANG_ENABLE_OBJC_ARC = YES;
				CLANG_ENABLE_OBJC_WEAK = YES;
				CLANG_WARN_BLOCK_CAPTURE_AUTORELEASING = YES;
				CLANG_WARN_BOOL_CONVERSION = YES;
				CLANG_WARN_COMMA = YES;
				CLANG_WARN_CONSTANT_CONVERSION = YES;
				CLANG_WARN_DEPRECATED_OBJC_IMPLEMENTATIONS = YES;
				CLANG_WARN_DIRECT_OBJC_ISA_USAGE = YES_ERROR;
				CLANG_WARN_DOCUMENTATION_COMMENTS = YES;
				CLANG_WARN_EMPTY_BODY = YES;
				CLANG_WARN_ENUM_CONVERSION = YES;
				CLANG_WARN_INFINITE_RECURSION = YES;
				CLANG_WARN_INT_CONVERSION = YES;
				CLANG_WARN_NON_LITERAL_NULL_CONVERSION = YES;
				CLANG_WARN_OBJC_IMPLICIT_RETAIN_SELF = YES;
				CLANG_WARN_OBJC_LITERAL_CONVERSION = YES;
				CLANG_WARN_OBJC_ROOT_CLASS = YES_ERROR;
				CLANG_WARN_QUOTED_INCLUDE_IN_FRAMEWORK_HEADER = YES;
				CLANG_WARN_RANGE_LOOP_ANALYSIS = YES;
				CLANG_WARN_STRICT_PROTOTYPES = YES;
				CLANG_WARN_SUSPICIOUS_MOVE = YES;
				CLANG_WARN_UNGUARDED_AVAILABILITY = YES_AGGRESSIVE;
				CLANG_WARN_UNREACHABLE_CODE = YES;
				CLANG_WARN__DUPLICATE_METHOD_MATCH = YES;
				COPY_PHASE_STRIP = NO;
				DEBUG_INFORMATION_FORMAT = "dwarf-with-dsym";
				ENABLE_NS_ASSERTIONS = NO;
				ENABLE_STRICT_OBJC_MSGSEND = YES;
				ENABLE_USER_SCRIPT_SANDBOXING = YES;
				GCC_C_LANGUAGE_STANDARD = gnu17;
				GCC_NO_COMMON_BLOCKS = YES;
				GCC_WARN_64_TO_32_BIT_CONVERSION = YES;
				GCC_WARN_ABOUT_RETURN_TYPE = YES_ERROR;
				GCC_WARN_UNDECLARED_SELECTOR = YES;
				GCC_WARN_UNINITIALIZED_AUTOS = YES_AGGRESSIVE;
				GCC_WARN_UNUSED_FUNCTION = YES;
				GCC_WARN_UNUSED_VARIABLE = YES;
				IPHONEOS_DEPLOYMENT_TARGET = 17.5;
				LOCALIZATION_PREFERS_STRING_CATALOGS = YES;
				MTL_ENABLE_DEBUG_INFO = NO;
				MTL_FAST_MATH = YES;
				SDKROOT = iphoneos;
				SWIFT_COMPILATION_MODE = wholemodule;
				VALIDATE_PRODUCT = YES;
			};
			name = Release;
		};
		A3281FE52D1C7091000A6FA4 /* Debug */ = {
			isa = XCBuildConfiguration;
			buildSettings = {
				ASSETCATALOG_COMPILER_APPICON_NAME = AppIcon;
				ASSETCATALOG_COMPILER_GLOBAL_ACCENT_COLOR_NAME = AccentColor;
				CODE_SIGN_STYLE = Automatic;
				CURRENT_PROJECT_VERSION = 1;
				GENERATE_INFOPLIST_FILE = YES;
				INFOPLIST_FILE = "Combine-Study/Global/Info.plist";
				INFOPLIST_KEY_UIApplicationSupportsIndirectInputEvents = YES;
				INFOPLIST_KEY_UILaunchStoryboardName = LaunchScreen;
				INFOPLIST_KEY_UISupportedInterfaceOrientations_iPad = "UIInterfaceOrientationPortrait UIInterfaceOrientationPortraitUpsideDown UIInterfaceOrientationLandscapeLeft UIInterfaceOrientationLandscapeRight";
				INFOPLIST_KEY_UISupportedInterfaceOrientations_iPhone = "UIInterfaceOrientationPortrait UIInterfaceOrientationLandscapeLeft UIInterfaceOrientationLandscapeRight";
				LD_RUNPATH_SEARCH_PATHS = (
					"$(inherited)",
					"@executable_path/Frameworks",
				);
				MARKETING_VERSION = 1.0;
				PRODUCT_BUNDLE_IDENTIFIER = "suyeon.Combine-Study";
				PRODUCT_NAME = "$(TARGET_NAME)";
				SWIFT_EMIT_LOC_STRINGS = YES;
				SWIFT_VERSION = 5.0;
				TARGETED_DEVICE_FAMILY = "1,2";
			};
			name = Debug;
		};
		A3281FE62D1C7091000A6FA4 /* Release */ = {
			isa = XCBuildConfiguration;
			buildSettings = {
				ASSETCATALOG_COMPILER_APPICON_NAME = AppIcon;
				ASSETCATALOG_COMPILER_GLOBAL_ACCENT_COLOR_NAME = AccentColor;
				CODE_SIGN_STYLE = Automatic;
				CURRENT_PROJECT_VERSION = 1;
				GENERATE_INFOPLIST_FILE = YES;
				INFOPLIST_FILE = "Combine-Study/Global/Info.plist";
				INFOPLIST_KEY_UIApplicationSupportsIndirectInputEvents = YES;
				INFOPLIST_KEY_UILaunchStoryboardName = LaunchScreen;
				INFOPLIST_KEY_UISupportedInterfaceOrientations_iPad = "UIInterfaceOrientationPortrait UIInterfaceOrientationPortraitUpsideDown UIInterfaceOrientationLandscapeLeft UIInterfaceOrientationLandscapeRight";
				INFOPLIST_KEY_UISupportedInterfaceOrientations_iPhone = "UIInterfaceOrientationPortrait UIInterfaceOrientationLandscapeLeft UIInterfaceOrientationLandscapeRight";
				LD_RUNPATH_SEARCH_PATHS = (
					"$(inherited)",
					"@executable_path/Frameworks",
				);
				MARKETING_VERSION = 1.0;
				PRODUCT_BUNDLE_IDENTIFIER = "suyeon.Combine-Study";
				PRODUCT_NAME = "$(TARGET_NAME)";
				SWIFT_EMIT_LOC_STRINGS = YES;
				SWIFT_VERSION = 5.0;
				TARGETED_DEVICE_FAMILY = "1,2";
			};
			name = Release;
		};
/* End XCBuildConfiguration section */

/* Begin XCConfigurationList section */
		A3281FCB2D1C7087000A6FA4 /* Build configuration list for PBXProject "Combine-Study" */ = {
			isa = XCConfigurationList;
			buildConfigurations = (
				A3281FE22D1C7091000A6FA4 /* Debug */,
				A3281FE32D1C7091000A6FA4 /* Release */,
			);
			defaultConfigurationIsVisible = 0;
			defaultConfigurationName = Release;
		};
		A3281FE42D1C7091000A6FA4 /* Build configuration list for PBXNativeTarget "Combine-Study" */ = {
			isa = XCConfigurationList;
			buildConfigurations = (
				A3281FE52D1C7091000A6FA4 /* Debug */,
				A3281FE62D1C7091000A6FA4 /* Release */,
			);
			defaultConfigurationIsVisible = 0;
			defaultConfigurationName = Release;
		};
/* End XCConfigurationList section */

/* Begin XCRemoteSwiftPackageReference section */
		A3281FEC2D1C72FC000A6FA4 /* XCRemoteSwiftPackageReference "SnapKit" */ = {
			isa = XCRemoteSwiftPackageReference;
			repositoryURL = "https://github.com/SnapKit/SnapKit.git";
			requirement = {
				kind = upToNextMajorVersion;
				minimumVersion = 5.7.1;
			};
		};
		A3281FEF2D1C7309000A6FA4 /* XCRemoteSwiftPackageReference "Then" */ = {
			isa = XCRemoteSwiftPackageReference;
			repositoryURL = "https://github.com/devxoul/Then";
			requirement = {
				kind = upToNextMajorVersion;
				minimumVersion = 3.0.0;
			};
		};
/* End XCRemoteSwiftPackageReference section */

/* Begin XCSwiftPackageProductDependency section */
		A3281FED2D1C72FC000A6FA4 /* SnapKit */ = {
			isa = XCSwiftPackageProductDependency;
			package = A3281FEC2D1C72FC000A6FA4 /* XCRemoteSwiftPackageReference "SnapKit" */;
			productName = SnapKit;
		};
		A3281FF02D1C7309000A6FA4 /* Then */ = {
			isa = XCSwiftPackageProductDependency;
			package = A3281FEF2D1C7309000A6FA4 /* XCRemoteSwiftPackageReference "Then" */;
			productName = Then;
		};
/* End XCSwiftPackageProductDependency section */
	};
	rootObject = A3281FC82D1C7087000A6FA4 /* Project object */;
}
